
Microsoft Visual Studio Solution File, Format Version 12.00
# Visual Studio Version 17
VisualStudioVersion = 17.10.35013.160
MinimumVisualStudioVersion = 10.0.40219.1
Project("{FAE04EC0-301F-11D3-BF4B-00C04F79EFBC}") = "ContentHub", "ContentHub\ContentHub.csproj", "{DD4BAD78-0887-4139-AC46-4E470F7711D2}"
EndProject
Global
	GlobalSection(SolutionConfigurationPlatforms) = preSolution
		Debug|Any CPU = Debug|Any CPU
		Release|Any CPU = Release|Any CPU
	EndGlobalSection
	GlobalSection(ProjectConfigurationPlatforms) = postSolution
		{DD4BAD78-0887-4139-AC46-4E470F7711D2}.Debug|Any CPU.ActiveCfg = Debug|Any CPU
		{DD4BAD78-0887-4139-AC46-4E470F7711D2}.Debug|Any CPU.Build.0 = Debug|Any CPU
		{DD4BAD78-0887-4139-AC46-4E470F7711D2}.Release|Any CPU.ActiveCfg = Release|Any CPU
		{DD4BAD78-0887-4139-AC46-4E470F7711D2}.Release|Any CPU.Build.0 = Release|Any CPU
	EndGlobalSection
	GlobalSection(SolutionProperties) = preSolution
		HideSolutionNode = FALSE
	EndGlobalSection
	GlobalSection(ExtensibilityGlobals) = postSolution
		SolutionGuid = {D80754A3-DF42-4C7F-82FB-534B3DFFE443}
	EndGlobalSection
EndGlobal
